
Microsoft Visual Studio Solution File, Format Version 12.00
# Visual Studio 15
VisualStudioVersion = 15.0.27004.2006
MinimumVisualStudioVersion = 10.0.40219.1
Project("{FAE04EC0-301F-11D3-BF4B-00C04F79EFBC}") = "MusicStoreMobile.Core", "MusicStoreMobile.Core\MusicStoreMobile.Core.csproj", "{DECE7897-83CC-431C-B87E-D61901D0A629}"
EndProject
Project("{FAE04EC0-301F-11D3-BF4B-00C04F79EFBC}") = "MusicStoreMobile.Droid", "MusicStoreMobile.Droid\MusicStoreMobile.Droid.csproj", "{7A6574CB-A020-4BC5-82BA-BC8FB9022349}"
EndProject
Project("{FAE04EC0-301F-11D3-BF4B-00C04F79EFBC}") = "Plugin.MediaManager", "MediaManager\Plugin.MediaManager.csproj", "{A6FCEF44-D2BA-42C7-B3CB-13667BCD7B54}"
EndProject
Project("{FAE04EC0-301F-11D3-BF4B-00C04F79EFBC}") = "Plugin.MediaManager.Abstractions", "MediaManager.Abstractions\Plugin.MediaManager.Abstractions.csproj", "{6EDB0588-FFC5-4EF5-8A99-9E241D0F878D}"
EndProject
Project("{FAE04EC0-301F-11D3-BF4B-00C04F79EFBC}") = "Plugin.MediaManager.Android", "MediaManager.Android\Plugin.MediaManager.Android.csproj", "{56A56F17-7DE1-4CA1-9617-BF32E971AC84}"
EndProject
Project("{FAE04EC0-301F-11D3-BF4B-00C04F79EFBC}") = "Binding_BottomNavigationViewEx-124", "MusicStoreMobile.Droid\AndroidBindings\Binding_BottomNavigationViewEx-124\Binding_BottomNavigationViewEx-124.csproj", "{66B99ACB-C9D6-4C7C-9452-312B9D391564}"
EndProject
Global
	GlobalSection(SolutionConfigurationPlatforms) = preSolution
		Debug|Any CPU = Debug|Any CPU
		Debug|iPhone = Debug|iPhone
		Debug|iPhoneSimulator = Debug|iPhoneSimulator
		Release|Any CPU = Release|Any CPU
		Release|iPhone = Release|iPhone
		Release|iPhoneSimulator = Release|iPhoneSimulator
	EndGlobalSection
	GlobalSection(ProjectConfigurationPlatforms) = postSolution
		{DECE7897-83CC-431C-B87E-D61901D0A629}.Debug|Any CPU.ActiveCfg = Debug|Any CPU
		{DECE7897-83CC-431C-B87E-D61901D0A629}.Debug|Any CPU.Build.0 = Debug|Any CPU
		{DECE7897-83CC-431C-B87E-D61901D0A629}.Debug|iPhone.ActiveCfg = Debug|Any CPU
		{DECE7897-83CC-431C-B87E-D61901D0A629}.Debug|iPhone.Build.0 = Debug|Any CPU
		{DECE7897-83CC-431C-B87E-D61901D0A629}.Debug|iPhoneSimulator.ActiveCfg = Debug|Any CPU
		{DECE7897-83CC-431C-B87E-D61901D0A629}.Debug|iPhoneSimulator.Build.0 = Debug|Any CPU
		{DECE7897-83CC-431C-B87E-D61901D0A629}.Release|Any CPU.ActiveCfg = Release|Any CPU
		{DECE7897-83CC-431C-B87E-D61901D0A629}.Release|Any CPU.Build.0 = Release|Any CPU
		{DECE7897-83CC-431C-B87E-D61901D0A629}.Release|iPhone.ActiveCfg = Release|Any CPU
		{DECE7897-83CC-431C-B87E-D61901D0A629}.Release|iPhone.Build.0 = Release|Any CPU
		{DECE7897-83CC-431C-B87E-D61901D0A629}.Release|iPhoneSimulator.ActiveCfg = Release|Any CPU
		{DECE7897-83CC-431C-B87E-D61901D0A629}.Release|iPhoneSimulator.Build.0 = Release|Any CPU
		{7A6574CB-A020-4BC5-82BA-BC8FB9022349}.Debug|Any CPU.ActiveCfg = Debug|Any CPU
		{7A6574CB-A020-4BC5-82BA-BC8FB9022349}.Debug|Any CPU.Build.0 = Debug|Any CPU
		{7A6574CB-A020-4BC5-82BA-BC8FB9022349}.Debug|Any CPU.Deploy.0 = Debug|Any CPU
		{7A6574CB-A020-4BC5-82BA-BC8FB9022349}.Debug|iPhone.ActiveCfg = Debug|Any CPU
		{7A6574CB-A020-4BC5-82BA-BC8FB9022349}.Debug|iPhone.Build.0 = Debug|Any CPU
		{7A6574CB-A020-4BC5-82BA-BC8FB9022349}.Debug|iPhone.Deploy.0 = Debug|Any CPU
		{7A6574CB-A020-4BC5-82BA-BC8FB9022349}.Debug|iPhoneSimulator.ActiveCfg = Debug|Any CPU
		{7A6574CB-A020-4BC5-82BA-BC8FB9022349}.Debug|iPhoneSimulator.Build.0 = Debug|Any CPU
		{7A6574CB-A020-4BC5-82BA-BC8FB9022349}.Debug|iPhoneSimulator.Deploy.0 = Debug|Any CPU
		{7A6574CB-A020-4BC5-82BA-BC8FB9022349}.Release|Any CPU.ActiveCfg = Release|Any CPU
		{7A6574CB-A020-4BC5-82BA-BC8FB9022349}.Release|Any CPU.Build.0 = Release|Any CPU
		{7A6574CB-A020-4BC5-82BA-BC8FB9022349}.Release|Any CPU.Deploy.0 = Release|Any CPU
		{7A6574CB-A020-4BC5-82BA-BC8FB9022349}.Release|iPhone.ActiveCfg = Release|Any CPU
		{7A6574CB-A020-4BC5-82BA-BC8FB9022349}.Release|iPhone.Build.0 = Release|Any CPU
		{7A6574CB-A020-4BC5-82BA-BC8FB9022349}.Release|iPhone.Deploy.0 = Release|Any CPU
		{7A6574CB-A020-4BC5-82BA-BC8FB9022349}.Release|iPhoneSimulator.ActiveCfg = Release|Any CPU
		{7A6574CB-A020-4BC5-82BA-BC8FB9022349}.Release|iPhoneSimulator.Build.0 = Release|Any CPU
		{7A6574CB-A020-4BC5-82BA-BC8FB9022349}.Release|iPhoneSimulator.Deploy.0 = Release|Any CPU
		{A6FCEF44-D2BA-42C7-B3CB-13667BCD7B54}.Debug|Any CPU.ActiveCfg = Debug|Any CPU
		{A6FCEF44-D2BA-42C7-B3CB-13667BCD7B54}.Debug|Any CPU.Build.0 = Debug|Any CPU
		{A6FCEF44-D2BA-42C7-B3CB-13667BCD7B54}.Debug|iPhone.ActiveCfg = Debug|Any CPU
		{A6FCEF44-D2BA-42C7-B3CB-13667BCD7B54}.Debug|iPhone.Build.0 = Debug|Any CPU
		{A6FCEF44-D2BA-42C7-B3CB-13667BCD7B54}.Debug|iPhoneSimulator.ActiveCfg = Debug|Any CPU
		{A6FCEF44-D2BA-42C7-B3CB-13667BCD7B54}.Debug|iPhoneSimulator.Build.0 = Debug|Any CPU
		{A6FCEF44-D2BA-42C7-B3CB-13667BCD7B54}.Release|Any CPU.ActiveCfg = Release|Any CPU
		{A6FCEF44-D2BA-42C7-B3CB-13667BCD7B54}.Release|Any CPU.Build.0 = Release|Any CPU
		{A6FCEF44-D2BA-42C7-B3CB-13667BCD7B54}.Release|iPhone.ActiveCfg = Release|Any CPU
		{A6FCEF44-D2BA-42C7-B3CB-13667BCD7B54}.Release|iPhone.Build.0 = Release|Any CPU
		{A6FCEF44-D2BA-42C7-B3CB-13667BCD7B54}.Release|iPhoneSimulator.ActiveCfg = Release|Any CPU
		{A6FCEF44-D2BA-42C7-B3CB-13667BCD7B54}.Release|iPhoneSimulator.Build.0 = Release|Any CPU
		{6EDB0588-FFC5-4EF5-8A99-9E241D0F878D}.Debug|Any CPU.ActiveCfg = Debug|Any CPU
		{6EDB0588-FFC5-4EF5-8A99-9E241D0F878D}.Debug|Any CPU.Build.0 = Debug|Any CPU
		{6EDB0588-FFC5-4EF5-8A99-9E241D0F878D}.Debug|iPhone.ActiveCfg = Debug|Any CPU
		{6EDB0588-FFC5-4EF5-8A99-9E241D0F878D}.Debug|iPhone.Build.0 = Debug|Any CPU
		{6EDB0588-FFC5-4EF5-8A99-9E241D0F878D}.Debug|iPhoneSimulator.ActiveCfg = Debug|Any CPU
		{6EDB0588-FFC5-4EF5-8A99-9E241D0F878D}.Debug|iPhoneSimulator.Build.0 = Debug|Any CPU
		{6EDB0588-FFC5-4EF5-8A99-9E241D0F878D}.Release|Any CPU.ActiveCfg = Release|Any CPU
		{6EDB0588-FFC5-4EF5-8A99-9E241D0F878D}.Release|Any CPU.Build.0 = Release|Any CPU
		{6EDB0588-FFC5-4EF5-8A99-9E241D0F878D}.Release|iPhone.ActiveCfg = Release|Any CPU
		{6EDB0588-FFC5-4EF5-8A99-9E241D0F878D}.Release|iPhone.Build.0 = Release|Any CPU
		{6EDB0588-FFC5-4EF5-8A99-9E241D0F878D}.Release|iPhoneSimulator.ActiveCfg = Release|Any CPU
		{6EDB0588-FFC5-4EF5-8A99-9E241D0F878D}.Release|iPhoneSimulator.Build.0 = Release|Any CPU
		{56A56F17-7DE1-4CA1-9617-BF32E971AC84}.Debug|Any CPU.ActiveCfg = Debug|Any CPU
		{56A56F17-7DE1-4CA1-9617-BF32E971AC84}.Debug|Any CPU.Build.0 = Debug|Any CPU
		{56A56F17-7DE1-4CA1-9617-BF32E971AC84}.Debug|iPhone.ActiveCfg = Debug|Any CPU
		{56A56F17-7DE1-4CA1-9617-BF32E971AC84}.Debug|iPhone.Build.0 = Debug|Any CPU
		{56A56F17-7DE1-4CA1-9617-BF32E971AC84}.Debug|iPhoneSimulator.ActiveCfg = Debug|Any CPU
		{56A56F17-7DE1-4CA1-9617-BF32E971AC84}.Debug|iPhoneSimulator.Build.0 = Debug|Any CPU
		{56A56F17-7DE1-4CA1-9617-BF32E971AC84}.Release|Any CPU.ActiveCfg = Release|Any CPU
		{56A56F17-7DE1-4CA1-9617-BF32E971AC84}.Release|Any CPU.Build.0 = Release|Any CPU
		{56A56F17-7DE1-4CA1-9617-BF32E971AC84}.Release|iPhone.ActiveCfg = Release|Any CPU
		{56A56F17-7DE1-4CA1-9617-BF32E971AC84}.Release|iPhone.Build.0 = Release|Any CPU
		{56A56F17-7DE1-4CA1-9617-BF32E971AC84}.Release|iPhoneSimulator.ActiveCfg = Release|Any CPU
		{56A56F17-7DE1-4CA1-9617-BF32E971AC84}.Release|iPhoneSimulator.Build.0 = Release|Any CPU
		{66B99ACB-C9D6-4C7C-9452-312B9D391564}.Debug|Any CPU.ActiveCfg = Debug|Any CPU
		{66B99ACB-C9D6-4C7C-9452-312B9D391564}.Debug|Any CPU.Build.0 = Debug|Any CPU
		{66B99ACB-C9D6-4C7C-9452-312B9D391564}.Debug|iPhone.ActiveCfg = Debug|Any CPU
		{66B99ACB-C9D6-4C7C-9452-312B9D391564}.Debug|iPhone.Build.0 = Debug|Any CPU
		{66B99ACB-C9D6-4C7C-9452-312B9D391564}.Debug|iPhoneSimulator.ActiveCfg = Debug|Any CPU
		{66B99ACB-C9D6-4C7C-9452-312B9D391564}.Debug|iPhoneSimulator.Build.0 = Debug|Any CPU
		{66B99ACB-C9D6-4C7C-9452-312B9D391564}.Release|Any CPU.ActiveCfg = Release|Any CPU
		{66B99ACB-C9D6-4C7C-9452-312B9D391564}.Release|Any CPU.Build.0 = Release|Any CPU
		{66B99ACB-C9D6-4C7C-9452-312B9D391564}.Release|iPhone.ActiveCfg = Release|Any CPU
		{66B99ACB-C9D6-4C7C-9452-312B9D391564}.Release|iPhone.Build.0 = Release|Any CPU
		{66B99ACB-C9D6-4C7C-9452-312B9D391564}.Release|iPhoneSimulator.ActiveCfg = Release|Any CPU
		{66B99ACB-C9D6-4C7C-9452-312B9D391564}.Release|iPhoneSimulator.Build.0 = Release|Any CPU
	EndGlobalSection
	GlobalSection(SolutionProperties) = preSolution
		HideSolutionNode = FALSE
	EndGlobalSection
	GlobalSection(ExtensibilityGlobals) = postSolution
		SolutionGuid = {DA2EDF7A-592E-4271-B8AE-A240F39F0F09}
	EndGlobalSection
EndGlobal
