
Microsoft Visual Studio Solution File, Format Version 12.00
# Visual Studio 15
VisualStudioVersion = 15.0.27004.2006
MinimumVisualStudioVersion = 10.0.40219.1
Project("{FAE04EC0-301F-11D3-BF4B-00C04F79EFBC}") = "MusicStoreMobile.Core", "MusicStoreMobile.Core\MusicStoreMobile.Core.csproj", "{DECE7897-83CC-431C-B87E-D61901D0A629}"
EndProject
Project("{FAE04EC0-301F-11D3-BF4B-00C04F79EFBC}") = "MusicStoreMobile.Droid", "MusicStoreMobile.Droid\MusicStoreMobile.Droid.csproj", "{7A6574CB-A020-4BC5-82BA-BC8FB9022349}"
EndProject
Project("{FAE04EC0-301F-11D3-BF4B-00C04F79EFBC}") = "LibTorrent", "MusicStoreMobile.Droid\AndroidBindings\LibTorrent\LibTorrent.csproj", "{C3646EC4-2E75-4A96-A3B6-B27D90F4FEEA}"
EndProject
Global
	GlobalSection(SolutionConfigurationPlatforms) = preSolution
		Debug|Any CPU = Debug|Any CPU
		Debug|iPhone = Debug|iPhone
		Debug|iPhoneSimulator = Debug|iPhoneSimulator
		Release|Any CPU = Release|Any CPU
		Release|iPhone = Release|iPhone
		Release|iPhoneSimulator = Release|iPhoneSimulator
	EndGlobalSection
	GlobalSection(ProjectConfigurationPlatforms) = postSolution
		{DECE7897-83CC-431C-B87E-D61901D0A629}.Debug|Any CPU.ActiveCfg = Debug|Any CPU
		{DECE7897-83CC-431C-B87E-D61901D0A629}.Debug|Any CPU.Build.0 = Debug|Any CPU
		{DECE7897-83CC-431C-B87E-D61901D0A629}.Debug|iPhone.ActiveCfg = Debug|Any CPU
		{DECE7897-83CC-431C-B87E-D61901D0A629}.Debug|iPhone.Build.0 = Debug|Any CPU
		{DECE7897-83CC-431C-B87E-D61901D0A629}.Debug|iPhoneSimulator.ActiveCfg = Debug|Any CPU
		{DECE7897-83CC-431C-B87E-D61901D0A629}.Debug|iPhoneSimulator.Build.0 = Debug|Any CPU
		{DECE7897-83CC-431C-B87E-D61901D0A629}.Release|Any CPU.ActiveCfg = Release|Any CPU
		{DECE7897-83CC-431C-B87E-D61901D0A629}.Release|Any CPU.Build.0 = Release|Any CPU
		{DECE7897-83CC-431C-B87E-D61901D0A629}.Release|iPhone.ActiveCfg = Release|Any CPU
		{DECE7897-83CC-431C-B87E-D61901D0A629}.Release|iPhone.Build.0 = Release|Any CPU
		{DECE7897-83CC-431C-B87E-D61901D0A629}.Release|iPhoneSimulator.ActiveCfg = Release|Any CPU
		{DECE7897-83CC-431C-B87E-D61901D0A629}.Release|iPhoneSimulator.Build.0 = Release|Any CPU
		{7A6574CB-A020-4BC5-82BA-BC8FB9022349}.Debug|Any CPU.ActiveCfg = Debug|Any CPU
		{7A6574CB-A020-4BC5-82BA-BC8FB9022349}.Debug|Any CPU.Build.0 = Debug|Any CPU
		{7A6574CB-A020-4BC5-82BA-BC8FB9022349}.Debug|Any CPU.Deploy.0 = Debug|Any CPU
		{7A6574CB-A020-4BC5-82BA-BC8FB9022349}.Debug|iPhone.ActiveCfg = Debug|Any CPU
		{7A6574CB-A020-4BC5-82BA-BC8FB9022349}.Debug|iPhone.Build.0 = Debug|Any CPU
		{7A6574CB-A020-4BC5-82BA-BC8FB9022349}.Debug|iPhone.Deploy.0 = Debug|Any CPU
		{7A6574CB-A020-4BC5-82BA-BC8FB9022349}.Debug|iPhoneSimulator.ActiveCfg = Debug|Any CPU
		{7A6574CB-A020-4BC5-82BA-BC8FB9022349}.Debug|iPhoneSimulator.Build.0 = Debug|Any CPU
		{7A6574CB-A020-4BC5-82BA-BC8FB9022349}.Debug|iPhoneSimulator.Deploy.0 = Debug|Any CPU
		{7A6574CB-A020-4BC5-82BA-BC8FB9022349}.Release|Any CPU.ActiveCfg = Release|Any CPU
		{7A6574CB-A020-4BC5-82BA-BC8FB9022349}.Release|Any CPU.Build.0 = Release|Any CPU
		{7A6574CB-A020-4BC5-82BA-BC8FB9022349}.Release|Any CPU.Deploy.0 = Release|Any CPU
		{7A6574CB-A020-4BC5-82BA-BC8FB9022349}.Release|iPhone.ActiveCfg = Release|Any CPU
		{7A6574CB-A020-4BC5-82BA-BC8FB9022349}.Release|iPhone.Build.0 = Release|Any CPU
		{7A6574CB-A020-4BC5-82BA-BC8FB9022349}.Release|iPhone.Deploy.0 = Release|Any CPU
		{7A6574CB-A020-4BC5-82BA-BC8FB9022349}.Release|iPhoneSimulator.ActiveCfg = Release|Any CPU
		{7A6574CB-A020-4BC5-82BA-BC8FB9022349}.Release|iPhoneSimulator.Build.0 = Release|Any CPU
		{7A6574CB-A020-4BC5-82BA-BC8FB9022349}.Release|iPhoneSimulator.Deploy.0 = Release|Any CPU
		{C3646EC4-2E75-4A96-A3B6-B27D90F4FEEA}.Debug|Any CPU.ActiveCfg = Debug|Any CPU
		{C3646EC4-2E75-4A96-A3B6-B27D90F4FEEA}.Debug|Any CPU.Build.0 = Debug|Any CPU
		{C3646EC4-2E75-4A96-A3B6-B27D90F4FEEA}.Debug|iPhone.ActiveCfg = Debug|Any CPU
		{C3646EC4-2E75-4A96-A3B6-B27D90F4FEEA}.Debug|iPhone.Build.0 = Debug|Any CPU
		{C3646EC4-2E75-4A96-A3B6-B27D90F4FEEA}.Debug|iPhoneSimulator.ActiveCfg = Debug|Any CPU
		{C3646EC4-2E75-4A96-A3B6-B27D90F4FEEA}.Debug|iPhoneSimulator.Build.0 = Debug|Any CPU
		{C3646EC4-2E75-4A96-A3B6-B27D90F4FEEA}.Release|Any CPU.ActiveCfg = Release|Any CPU
		{C3646EC4-2E75-4A96-A3B6-B27D90F4FEEA}.Release|Any CPU.Build.0 = Release|Any CPU
		{C3646EC4-2E75-4A96-A3B6-B27D90F4FEEA}.Release|iPhone.ActiveCfg = Release|Any CPU
		{C3646EC4-2E75-4A96-A3B6-B27D90F4FEEA}.Release|iPhone.Build.0 = Release|Any CPU
		{C3646EC4-2E75-4A96-A3B6-B27D90F4FEEA}.Release|iPhoneSimulator.ActiveCfg = Release|Any CPU
		{C3646EC4-2E75-4A96-A3B6-B27D90F4FEEA}.Release|iPhoneSimulator.Build.0 = Release|Any CPU
	EndGlobalSection
	GlobalSection(SolutionProperties) = preSolution
		HideSolutionNode = FALSE
	EndGlobalSection
	GlobalSection(ExtensibilityGlobals) = postSolution
		SolutionGuid = {DA2EDF7A-592E-4271-B8AE-A240F39F0F09}
	EndGlobalSection
EndGlobal
